
Microsoft Visual Studio Solution File, Format Version 12.00
# Visual Studio Version 16
VisualStudioVersion = 16.0.29926.136
MinimumVisualStudioVersion = 10.0.40219.1
Project("{FAE04EC0-301F-11D3-BF4B-00C04F79EFBC}") = "Lockey", "Lockey.csproj", "{C402FC83-5D9C-4AE2-AED1-23806DD84AA4}"
EndProject
Global
	GlobalSection(SolutionConfigurationPlatforms) = preSolution
		Debug|Any CPU = Debug|Any CPU
		Release|Any CPU = Release|Any CPU
	EndGlobalSection
	GlobalSection(ProjectConfigurationPlatforms) = postSolution
		{C402FC83-5D9C-4AE2-AED1-23806DD84AA4}.Debug|Any CPU.ActiveCfg = Debug|Any CPU
		{C402FC83-5D9C-4AE2-AED1-23806DD84AA4}.Debug|Any CPU.Build.0 = Debug|Any CPU
		{C402FC83-5D9C-4AE2-AED1-23806DD84AA4}.Release|Any CPU.ActiveCfg = Release|Any CPU
		{C402FC83-5D9C-4AE2-AED1-23806DD84AA4}.Release|Any CPU.Build.0 = Release|Any CPU
	EndGlobalSection
	GlobalSection(SolutionProperties) = preSolution
		HideSolutionNode = FALSE
	EndGlobalSection
	GlobalSection(ExtensibilityGlobals) = postSolution
		SolutionGuid = {3F0B4AFB-EFC9-49FB-A51A-E142688E5E85}
	EndGlobalSection
EndGlobal
